
Microsoft Visual Studio Solution File, Format Version 11.00
# Visual Studio 2010
Project("{FAE04EC0-301F-11D3-BF4B-00C04F79EFBC}") = "Synapse", "source\Synapse\Synapse.csproj", "{556D84F6-6A4B-4431-92CF-55F7E5219A33}"
EndProject
Project("{FAE04EC0-301F-11D3-BF4B-00C04F79EFBC}") = "Synapse.Tests", "tests\Synapse.Tests\Synapse.Tests.csproj", "{7DD8EEB1-340E-4EE2-AD90-CE2E7769E4CF}"
EndProject
Project("{2150E333-8FDC-42A3-9474-1A3956D46DE8}") = "Testing", "Testing", "{EF57C242-0BD6-4F64-9057-60298AC8548B}"
	ProjectSection(SolutionItems) = preProject
		Local.testsettings = Local.testsettings
		Synapse.vsmdi = Synapse.vsmdi
		TraceAndTestImpact.testsettings = TraceAndTestImpact.testsettings
	EndProjectSection
EndProject
Project("{2150E333-8FDC-42A3-9474-1A3956D46DE8}") = "Source", "Source", "{509A73DB-2C57-43B1-B11D-4E5F566FAE92}"
EndProject
Project("{2150E333-8FDC-42A3-9474-1A3956D46DE8}") = "Information", "Information", "{C6DE73E4-52C6-4FD5-B83D-CD026036E6E6}"
	ProjectSection(SolutionItems) = preProject
		LICENSE = LICENSE
		README.md = README.md
	EndProjectSection
EndProject
Project("{2150E333-8FDC-42A3-9474-1A3956D46DE8}") = "Build", "Build", "{A161B9DF-E5CE-47FA-80CA-1B3970FC8045}"
	ProjectSection(SolutionItems) = preProject
		build\build.proj = build\build.proj
		build.ps1 = build.ps1
	EndProjectSection
EndProject
Global
	GlobalSection(TestCaseManagementSettings) = postSolution
		CategoryFile = Synapse.vsmdi
	EndGlobalSection
	GlobalSection(SolutionConfigurationPlatforms) = preSolution
		Debug|Any CPU = Debug|Any CPU
		Official|Any CPU = Official|Any CPU
		Release|Any CPU = Release|Any CPU
	EndGlobalSection
	GlobalSection(ProjectConfigurationPlatforms) = postSolution
		{556D84F6-6A4B-4431-92CF-55F7E5219A33}.Debug|Any CPU.ActiveCfg = Debug|Any CPU
		{556D84F6-6A4B-4431-92CF-55F7E5219A33}.Debug|Any CPU.Build.0 = Debug|Any CPU
		{556D84F6-6A4B-4431-92CF-55F7E5219A33}.Official|Any CPU.ActiveCfg = Official|Any CPU
		{556D84F6-6A4B-4431-92CF-55F7E5219A33}.Official|Any CPU.Build.0 = Official|Any CPU
		{556D84F6-6A4B-4431-92CF-55F7E5219A33}.Release|Any CPU.ActiveCfg = Release|Any CPU
		{556D84F6-6A4B-4431-92CF-55F7E5219A33}.Release|Any CPU.Build.0 = Release|Any CPU
		{7DD8EEB1-340E-4EE2-AD90-CE2E7769E4CF}.Debug|Any CPU.ActiveCfg = Debug|Any CPU
		{7DD8EEB1-340E-4EE2-AD90-CE2E7769E4CF}.Debug|Any CPU.Build.0 = Debug|Any CPU
		{7DD8EEB1-340E-4EE2-AD90-CE2E7769E4CF}.Official|Any CPU.ActiveCfg = Release|Any CPU
		{7DD8EEB1-340E-4EE2-AD90-CE2E7769E4CF}.Official|Any CPU.Build.0 = Release|Any CPU
		{7DD8EEB1-340E-4EE2-AD90-CE2E7769E4CF}.Release|Any CPU.ActiveCfg = Release|Any CPU
		{7DD8EEB1-340E-4EE2-AD90-CE2E7769E4CF}.Release|Any CPU.Build.0 = Release|Any CPU
	EndGlobalSection
	GlobalSection(SolutionProperties) = preSolution
		HideSolutionNode = FALSE
	EndGlobalSection
	GlobalSection(NestedProjects) = preSolution
		{556D84F6-6A4B-4431-92CF-55F7E5219A33} = {509A73DB-2C57-43B1-B11D-4E5F566FAE92}
		{7DD8EEB1-340E-4EE2-AD90-CE2E7769E4CF} = {EF57C242-0BD6-4F64-9057-60298AC8548B}
	EndGlobalSection
EndGlobal
